// !$*UTF8*$!
{
	archiveVersion = 1;
	classes = {
	};
	objectVersion = 51;
	objects = {

/* Begin PBXBuildFile section */
		431FFB2526C7AEE0001E3709 /* CardModel.swift in Sources */ = {isa = PBXBuildFile; fileRef = 431FFB2426C7AEE0001E3709 /* CardModel.swift */; };
		431FFB2726C7AF22001E3709 /* FeaturedItemView.swift in Sources */ = {isa = PBXBuildFile; fileRef = 431FFB2626C7AF22001E3709 /* FeaturedItemView.swift */; };
		431FFB2926C7AF95001E3709 /* FeaturedTabView.swift in Sources */ = {isa = PBXBuildFile; fileRef = 431FFB2826C7AF95001E3709 /* FeaturedTabView.swift */; };
		43254AE826D2DAB900589B63 /* TitleView.swift in Sources */ = {isa = PBXBuildFile; fileRef = 43254AE726D2DAB900589B63 /* TitleView.swift */; };
		43254AEA26D2DB5A00589B63 /* ProductModel.swift in Sources */ = {isa = PBXBuildFile; fileRef = 43254AE926D2DB5A00589B63 /* ProductModel.swift */; };
		43254AEC26D2DB7D00589B63 /* ProductItemView.swift in Sources */ = {isa = PBXBuildFile; fileRef = 43254AEB26D2DB7D00589B63 /* ProductItemView.swift */; };
		4347494F26BAEACD004BE778 /* Login.swift in Sources */ = {isa = PBXBuildFile; fileRef = 4347494E26BAEACD004BE778 /* Login.swift */; };
		4347495126BAF495004BE778 /* LoginViewModel.swift in Sources */ = {isa = PBXBuildFile; fileRef = 4347495026BAF495004BE778 /* LoginViewModel.swift */; };
		4347495426BAF747004BE778 /* Countries.swift in Sources */ = {isa = PBXBuildFile; fileRef = 4347495326BAF747004BE778 /* Countries.swift */; };
		435332C326BBFC8700FC507C /* Verification.swift in Sources */ = {isa = PBXBuildFile; fileRef = 435332C226BBFC8700FC507C /* Verification.swift */; };
		435332C526BC058400FC507C /* CustomNumberPad.swift in Sources */ = {isa = PBXBuildFile; fileRef = 435332C426BC058400FC507C /* CustomNumberPad.swift */; };
		4353901F26D4F0DE00DC5A7C /* CustomCorners.swift in Sources */ = {isa = PBXBuildFile; fileRef = 4353901E26D4F0DE00DC5A7C /* CustomCorners.swift */; };
		435EA33E26CE498C009E7A2B /* WomanView.swift in Sources */ = {isa = PBXBuildFile; fileRef = 435EA33D26CE498C009E7A2B /* WomanView.swift */; };
		435EA34026CE4993009E7A2B /* ManView.swift in Sources */ = {isa = PBXBuildFile; fileRef = 435EA33F26CE4993009E7A2B /* ManView.swift */; };
		4388590C26C00F180061924D /* LogoView.swift in Sources */ = {isa = PBXBuildFile; fileRef = 4388590B26C00F180061924D /* LogoView.swift */; };
		4388590E26C00FA00061924D /* NavigationBarView.swift in Sources */ = {isa = PBXBuildFile; fileRef = 4388590D26C00FA00061924D /* NavigationBarView.swift */; };
		438C262326B97D740056E6B0 /* ShoesMarketApp.swift in Sources */ = {isa = PBXBuildFile; fileRef = 438C262226B97D740056E6B0 /* ShoesMarketApp.swift */; };
		438C262526B97D740056E6B0 /* ContentView.swift in Sources */ = {isa = PBXBuildFile; fileRef = 438C262426B97D740056E6B0 /* ContentView.swift */; };
		438C262726B97D780056E6B0 /* Assets.xcassets in Resources */ = {isa = PBXBuildFile; fileRef = 438C262626B97D780056E6B0 /* Assets.xcassets */; };
		438C262A26B97D780056E6B0 /* Preview Assets.xcassets in Resources */ = {isa = PBXBuildFile; fileRef = 438C262926B97D780056E6B0 /* Preview Assets.xcassets */; };
		438DF16626BD6AF30020AA2F /* GoogleService-Info.plist in Resources */ = {isa = PBXBuildFile; fileRef = 438DF16526BD6AF30020AA2F /* GoogleService-Info.plist */; };
		439B132926C947E7007FDD92 /* CategoryItemView.swift in Sources */ = {isa = PBXBuildFile; fileRef = 439B132826C947E7007FDD92 /* CategoryItemView.swift */; };
		439B132B26C94814007FDD92 /* CategoryModel.swift in Sources */ = {isa = PBXBuildFile; fileRef = 439B132A26C94814007FDD92 /* CategoryModel.swift */; };
		439B132D26C95843007FDD92 /* CategoryGridView.swift in Sources */ = {isa = PBXBuildFile; fileRef = 439B132C26C95843007FDD92 /* CategoryGridView.swift */; };
		43B4C06126BD6E2500E82D5C /* AlertView.swift in Sources */ = {isa = PBXBuildFile; fileRef = 43B4C06026BD6E2500E82D5C /* AlertView.swift */; };
		43B4C06326BD7F0900E82D5C /* Home.swift in Sources */ = {isa = PBXBuildFile; fileRef = 43B4C06226BD7F0900E82D5C /* Home.swift */; };
		43C65CE326DC2F7600B347FC /* SearchView.swift in Sources */ = {isa = PBXBuildFile; fileRef = 43C65CE226DC2F7600B347FC /* SearchView.swift */; };
		43CCA5D126D3C9E100449CC5 /* ShopViewModel.swift in Sources */ = {isa = PBXBuildFile; fileRef = 43CCA5D026D3C9E100449CC5 /* ShopViewModel.swift */; };
		43D687F126D402CA00DF45BF /* ProductDetailView.swift in Sources */ = {isa = PBXBuildFile; fileRef = 43D687F026D402CA00DF45BF /* ProductDetailView.swift */; };
		43DDDC2E26C139FD00F0F388 /* CartView.swift in Sources */ = {isa = PBXBuildFile; fileRef = 43DDDC2D26C139FD00F0F388 /* CartView.swift */; };
		43FA63A126BECEAA00EB2018 /* CodableBundleExtension.swift in Sources */ = {isa = PBXBuildFile; fileRef = 43FA63A026BECEAA00EB2018 /* CodableBundleExtension.swift */; };
		43FA63A526BECECB00EB2018 /* cards.json in Resources */ = {isa = PBXBuildFile; fileRef = 43FA63A226BECECB00EB2018 /* cards.json */; };
		43FA63A626BECECB00EB2018 /* product.json in Resources */ = {isa = PBXBuildFile; fileRef = 43FA63A326BECECB00EB2018 /* product.json */; };
		43FA63A726BECECB00EB2018 /* category.json in Resources */ = {isa = PBXBuildFile; fileRef = 43FA63A426BECECB00EB2018 /* category.json */; };
		43FA63A926BECEED00EB2018 /* Constant.swift in Sources */ = {isa = PBXBuildFile; fileRef = 43FA63A826BECEED00EB2018 /* Constant.swift */; };
		43FA63AB26BED3E300EB2018 /* FooterView.swift in Sources */ = {isa = PBXBuildFile; fileRef = 43FA63AA26BED3E300EB2018 /* FooterView.swift */; };
		6D3675D0C46BB7D8E87C861B /* Pods_ShoesMarket.framework in Frameworks */ = {isa = PBXBuildFile; fileRef = 4C1118E3DA328075F1AA89BD /* Pods_ShoesMarket.framework */; };
		B4FCD13D26C96A3D00BE81C4 /* StateModel.swift in Sources */ = {isa = PBXBuildFile; fileRef = B4FCD13C26C96A3D00BE81C4 /* StateModel.swift */; };
/* End PBXBuildFile section */

/* Begin PBXFileReference section */
		053D93E2E257EE3F2EFB8105 /* Pods-ShoesMarket.release.xcconfig */ = {isa = PBXFileReference; includeInIndex = 1; lastKnownFileType = text.xcconfig; name = "Pods-ShoesMarket.release.xcconfig"; path = "Target Support Files/Pods-ShoesMarket/Pods-ShoesMarket.release.xcconfig"; sourceTree = "<group>"; };
		431FFB2426C7AEE0001E3709 /* CardModel.swift */ = {isa = PBXFileReference; lastKnownFileType = sourcecode.swift; path = CardModel.swift; sourceTree = "<group>"; };
		431FFB2626C7AF22001E3709 /* FeaturedItemView.swift */ = {isa = PBXFileReference; lastKnownFileType = sourcecode.swift; path = FeaturedItemView.swift; sourceTree = "<group>"; };
		431FFB2826C7AF95001E3709 /* FeaturedTabView.swift */ = {isa = PBXFileReference; lastKnownFileType = sourcecode.swift; path = FeaturedTabView.swift; sourceTree = "<group>"; };
		43254AE726D2DAB900589B63 /* TitleView.swift */ = {isa = PBXFileReference; lastKnownFileType = sourcecode.swift; path = TitleView.swift; sourceTree = "<group>"; };
		43254AE926D2DB5A00589B63 /* ProductModel.swift */ = {isa = PBXFileReference; lastKnownFileType = sourcecode.swift; path = ProductModel.swift; sourceTree = "<group>"; };
		43254AEB26D2DB7D00589B63 /* ProductItemView.swift */ = {isa = PBXFileReference; lastKnownFileType = sourcecode.swift; path = ProductItemView.swift; sourceTree = "<group>"; };
		4347494E26BAEACD004BE778 /* Login.swift */ = {isa = PBXFileReference; lastKnownFileType = sourcecode.swift; path = Login.swift; sourceTree = "<group>"; };
		4347495026BAF495004BE778 /* LoginViewModel.swift */ = {isa = PBXFileReference; lastKnownFileType = sourcecode.swift; path = LoginViewModel.swift; sourceTree = "<group>"; };
		4347495326BAF747004BE778 /* Countries.swift */ = {isa = PBXFileReference; lastKnownFileType = sourcecode.swift; path = Countries.swift; sourceTree = "<group>"; };
		435332C226BBFC8700FC507C /* Verification.swift */ = {isa = PBXFileReference; lastKnownFileType = sourcecode.swift; path = Verification.swift; sourceTree = "<group>"; };
		435332C426BC058400FC507C /* CustomNumberPad.swift */ = {isa = PBXFileReference; lastKnownFileType = sourcecode.swift; path = CustomNumberPad.swift; sourceTree = "<group>"; };
		4353901E26D4F0DE00DC5A7C /* CustomCorners.swift */ = {isa = PBXFileReference; lastKnownFileType = sourcecode.swift; path = CustomCorners.swift; sourceTree = "<group>"; };
		435EA33D26CE498C009E7A2B /* WomanView.swift */ = {isa = PBXFileReference; lastKnownFileType = sourcecode.swift; path = WomanView.swift; sourceTree = "<group>"; };
		435EA33F26CE4993009E7A2B /* ManView.swift */ = {isa = PBXFileReference; lastKnownFileType = sourcecode.swift; path = ManView.swift; sourceTree = "<group>"; };
		4388590B26C00F180061924D /* LogoView.swift */ = {isa = PBXFileReference; lastKnownFileType = sourcecode.swift; path = LogoView.swift; sourceTree = "<group>"; };
		4388590D26C00FA00061924D /* NavigationBarView.swift */ = {isa = PBXFileReference; lastKnownFileType = sourcecode.swift; path = NavigationBarView.swift; sourceTree = "<group>"; };
		438C261F26B97D740056E6B0 /* ShoesMarket.app */ = {isa = PBXFileReference; explicitFileType = wrapper.application; includeInIndex = 0; path = ShoesMarket.app; sourceTree = BUILT_PRODUCTS_DIR; };
		438C262226B97D740056E6B0 /* ShoesMarketApp.swift */ = {isa = PBXFileReference; lastKnownFileType = sourcecode.swift; path = ShoesMarketApp.swift; sourceTree = "<group>"; };
		438C262426B97D740056E6B0 /* ContentView.swift */ = {isa = PBXFileReference; lastKnownFileType = sourcecode.swift; path = ContentView.swift; sourceTree = "<group>"; };
		438C262626B97D780056E6B0 /* Assets.xcassets */ = {isa = PBXFileReference; lastKnownFileType = folder.assetcatalog; path = Assets.xcassets; sourceTree = "<group>"; };
		438C262926B97D780056E6B0 /* Preview Assets.xcassets */ = {isa = PBXFileReference; lastKnownFileType = folder.assetcatalog; path = "Preview Assets.xcassets"; sourceTree = "<group>"; };
		438C262B26B97D780056E6B0 /* Info.plist */ = {isa = PBXFileReference; lastKnownFileType = text.plist.xml; path = Info.plist; sourceTree = "<group>"; };
		438DF16526BD6AF30020AA2F /* GoogleService-Info.plist */ = {isa = PBXFileReference; fileEncoding = 4; lastKnownFileType = text.plist.xml; path = "GoogleService-Info.plist"; sourceTree = "<group>"; };
		439B132826C947E7007FDD92 /* CategoryItemView.swift */ = {isa = PBXFileReference; lastKnownFileType = sourcecode.swift; path = CategoryItemView.swift; sourceTree = "<group>"; };
		439B132A26C94814007FDD92 /* CategoryModel.swift */ = {isa = PBXFileReference; lastKnownFileType = sourcecode.swift; path = CategoryModel.swift; sourceTree = "<group>"; };
		439B132C26C95843007FDD92 /* CategoryGridView.swift */ = {isa = PBXFileReference; lastKnownFileType = sourcecode.swift; path = CategoryGridView.swift; sourceTree = "<group>"; };
		43B4C06026BD6E2500E82D5C /* AlertView.swift */ = {isa = PBXFileReference; lastKnownFileType = sourcecode.swift; path = AlertView.swift; sourceTree = "<group>"; };
		43B4C06226BD7F0900E82D5C /* Home.swift */ = {isa = PBXFileReference; lastKnownFileType = sourcecode.swift; path = Home.swift; sourceTree = "<group>"; };
		43C65CE226DC2F7600B347FC /* SearchView.swift */ = {isa = PBXFileReference; lastKnownFileType = sourcecode.swift; path = SearchView.swift; sourceTree = "<group>"; };
		43CCA5D026D3C9E100449CC5 /* ShopViewModel.swift */ = {isa = PBXFileReference; lastKnownFileType = sourcecode.swift; path = ShopViewModel.swift; sourceTree = "<group>"; };
		43D687F026D402CA00DF45BF /* ProductDetailView.swift */ = {isa = PBXFileReference; lastKnownFileType = sourcecode.swift; path = ProductDetailView.swift; sourceTree = "<group>"; };
		43DDDC2D26C139FD00F0F388 /* CartView.swift */ = {isa = PBXFileReference; lastKnownFileType = sourcecode.swift; path = CartView.swift; sourceTree = "<group>"; };
		43FA63A026BECEAA00EB2018 /* CodableBundleExtension.swift */ = {isa = PBXFileReference; lastKnownFileType = sourcecode.swift; path = CodableBundleExtension.swift; sourceTree = "<group>"; };
		43FA63A226BECECB00EB2018 /* cards.json */ = {isa = PBXFileReference; fileEncoding = 4; lastKnownFileType = text.json; path = cards.json; sourceTree = "<group>"; };
		43FA63A326BECECB00EB2018 /* product.json */ = {isa = PBXFileReference; fileEncoding = 4; lastKnownFileType = text.json; path = product.json; sourceTree = "<group>"; };
		43FA63A426BECECB00EB2018 /* category.json */ = {isa = PBXFileReference; fileEncoding = 4; lastKnownFileType = text.json; path = category.json; sourceTree = "<group>"; };
		43FA63A826BECEED00EB2018 /* Constant.swift */ = {isa = PBXFileReference; lastKnownFileType = sourcecode.swift; path = Constant.swift; sourceTree = "<group>"; };
		43FA63AA26BED3E300EB2018 /* FooterView.swift */ = {isa = PBXFileReference; lastKnownFileType = sourcecode.swift; path = FooterView.swift; sourceTree = "<group>"; };
		4C1118E3DA328075F1AA89BD /* Pods_ShoesMarket.framework */ = {isa = PBXFileReference; explicitFileType = wrapper.framework; includeInIndex = 0; path = Pods_ShoesMarket.framework; sourceTree = BUILT_PRODUCTS_DIR; };
		79B2237F8848DDF97E7135E4 /* Pods-ShoesMarket.debug.xcconfig */ = {isa = PBXFileReference; includeInIndex = 1; lastKnownFileType = text.xcconfig; name = "Pods-ShoesMarket.debug.xcconfig"; path = "Target Support Files/Pods-ShoesMarket/Pods-ShoesMarket.debug.xcconfig"; sourceTree = "<group>"; };
		B4FCD13C26C96A3D00BE81C4 /* StateModel.swift */ = {isa = PBXFileReference; lastKnownFileType = sourcecode.swift; path = StateModel.swift; sourceTree = "<group>"; };
/* End PBXFileReference section */

/* Begin PBXFrameworksBuildPhase section */
		438C261C26B97D740056E6B0 /* Frameworks */ = {
			isa = PBXFrameworksBuildPhase;
			buildActionMask = 2147483647;
			files = (
				6D3675D0C46BB7D8E87C861B /* Pods_ShoesMarket.framework in Frameworks */,
			);
			runOnlyForDeploymentPostprocessing = 0;
		};
/* End PBXFrameworksBuildPhase section */

/* Begin PBXGroup section */
		3164F3F29D64AF78B15E343E /* Pods */ = {
			isa = PBXGroup;
			children = (
				79B2237F8848DDF97E7135E4 /* Pods-ShoesMarket.debug.xcconfig */,
				053D93E2E257EE3F2EFB8105 /* Pods-ShoesMarket.release.xcconfig */,
			);
			path = Pods;
			sourceTree = "<group>";
		};
		4347494C26BAEAAB004BE778 /* View */ = {
			isa = PBXGroup;
			children = (
				43FA639B26BECDFF00EB2018 /* Home */,
				43DDDC2F26C13BAB00F0F388 /* Auth */,
				435EA33C26CE48EA009E7A2B /* Gender */,
				43DDDC2D26C139FD00F0F388 /* CartView.swift */,
				43C65CE226DC2F7600B347FC /* SearchView.swift */,
			);
			path = View;
			sourceTree = "<group>";
		};
		4347494D26BAEAAF004BE778 /* ViewModel */ = {
			isa = PBXGroup;
			children = (
				4347495026BAF495004BE778 /* LoginViewModel.swift */,
				B4FCD13C26C96A3D00BE81C4 /* StateModel.swift */,
				43CCA5D026D3C9E100449CC5 /* ShopViewModel.swift */,
			);
			path = ViewModel;
			sourceTree = "<group>";
		};
		4347495226BAF725004BE778 /* Model */ = {
			isa = PBXGroup;
			children = (
				4347495326BAF747004BE778 /* Countries.swift */,
				431FFB2426C7AEE0001E3709 /* CardModel.swift */,
				439B132A26C94814007FDD92 /* CategoryModel.swift */,
				43254AE926D2DB5A00589B63 /* ProductModel.swift */,
			);
			path = Model;
			sourceTree = "<group>";
		};
		435EA33C26CE48EA009E7A2B /* Gender */ = {
			isa = PBXGroup;
			children = (
				435EA33D26CE498C009E7A2B /* WomanView.swift */,
				435EA33F26CE4993009E7A2B /* ManView.swift */,
			);
			path = Gender;
			sourceTree = "<group>";
		};
		438C261626B97D740056E6B0 = {
			isa = PBXGroup;
			children = (
				438C262126B97D740056E6B0 /* ShoesMarket */,
				438C262026B97D740056E6B0 /* Products */,
				3164F3F29D64AF78B15E343E /* Pods */,
				A2097F32B924569A4786B344 /* Frameworks */,
			);
			sourceTree = "<group>";
		};
		438C262026B97D740056E6B0 /* Products */ = {
			isa = PBXGroup;
			children = (
				438C261F26B97D740056E6B0 /* ShoesMarket.app */,
			);
			name = Products;
			sourceTree = "<group>";
		};
		438C262126B97D740056E6B0 /* ShoesMarket */ = {
			isa = PBXGroup;
			children = (
				43FA639926BECDEF00EB2018 /* App */,
				4347494C26BAEAAB004BE778 /* View */,
				43FA639F26BECE3C00EB2018 /* Data */,
				4347495226BAF725004BE778 /* Model */,
				43FA639D26BECE1300EB2018 /* Extension */,
				43FA639E26BECE1900EB2018 /* Utility */,
				4347494D26BAEAAF004BE778 /* ViewModel */,
				438C262626B97D780056E6B0 /* Assets.xcassets */,
				438C262B26B97D780056E6B0 /* Info.plist */,
				438DF16526BD6AF30020AA2F /* GoogleService-Info.plist */,
				438C262826B97D780056E6B0 /* Preview Content */,
			);
			path = ShoesMarket;
			sourceTree = "<group>";
		};
		438C262826B97D780056E6B0 /* Preview Content */ = {
			isa = PBXGroup;
			children = (
				438C262926B97D780056E6B0 /* Preview Assets.xcassets */,
			);
			path = "Preview Content";
			sourceTree = "<group>";
		};
		43DDDC2F26C13BAB00F0F388 /* Auth */ = {
			isa = PBXGroup;
			children = (
				4347494E26BAEACD004BE778 /* Login.swift */,
				435332C226BBFC8700FC507C /* Verification.swift */,
				435332C426BC058400FC507C /* CustomNumberPad.swift */,
				43B4C06026BD6E2500E82D5C /* AlertView.swift */,
			);
			path = Auth;
			sourceTree = "<group>";
		};
		43FA639926BECDEF00EB2018 /* App */ = {
			isa = PBXGroup;
			children = (
				438C262226B97D740056E6B0 /* ShoesMarketApp.swift */,
				438C262426B97D740056E6B0 /* ContentView.swift */,
			);
			path = App;
			sourceTree = "<group>";
		};
		43FA639B26BECDFF00EB2018 /* Home */ = {
			isa = PBXGroup;
			children = (
				43B4C06226BD7F0900E82D5C /* Home.swift */,
				43FA63AA26BED3E300EB2018 /* FooterView.swift */,
				4388590B26C00F180061924D /* LogoView.swift */,
				4388590D26C00FA00061924D /* NavigationBarView.swift */,
				431FFB2626C7AF22001E3709 /* FeaturedItemView.swift */,
				431FFB2826C7AF95001E3709 /* FeaturedTabView.swift */,
				439B132826C947E7007FDD92 /* CategoryItemView.swift */,
				439B132C26C95843007FDD92 /* CategoryGridView.swift */,
				43254AE726D2DAB900589B63 /* TitleView.swift */,
				43254AEB26D2DB7D00589B63 /* ProductItemView.swift */,
				43D687F026D402CA00DF45BF /* ProductDetailView.swift */,
				4353901E26D4F0DE00DC5A7C /* CustomCorners.swift */,
			);
			path = Home;
			sourceTree = "<group>";
		};
		43FA639D26BECE1300EB2018 /* Extension */ = {
			isa = PBXGroup;
			children = (
				43FA63A026BECEAA00EB2018 /* CodableBundleExtension.swift */,
			);
			path = Extension;
			sourceTree = "<group>";
		};
		43FA639E26BECE1900EB2018 /* Utility */ = {
			isa = PBXGroup;
			children = (
				43FA63A826BECEED00EB2018 /* Constant.swift */,
			);
			path = Utility;
			sourceTree = "<group>";
		};
		43FA639F26BECE3C00EB2018 /* Data */ = {
			isa = PBXGroup;
			children = (
				43FA63A226BECECB00EB2018 /* cards.json */,
				43FA63A426BECECB00EB2018 /* category.json */,
				43FA63A326BECECB00EB2018 /* product.json */,
			);
			path = Data;
			sourceTree = "<group>";
		};
		A2097F32B924569A4786B344 /* Frameworks */ = {
			isa = PBXGroup;
			children = (
				4C1118E3DA328075F1AA89BD /* Pods_ShoesMarket.framework */,
			);
			name = Frameworks;
			sourceTree = "<group>";
		};
/* End PBXGroup section */

/* Begin PBXNativeTarget section */
		438C261E26B97D740056E6B0 /* ShoesMarket */ = {
			isa = PBXNativeTarget;
			buildConfigurationList = 438C262E26B97D780056E6B0 /* Build configuration list for PBXNativeTarget "ShoesMarket" */;
			buildPhases = (
				56BE020AAA50EBA67515C563 /* [CP] Check Pods Manifest.lock */,
				438C261B26B97D740056E6B0 /* Sources */,
				438C261C26B97D740056E6B0 /* Frameworks */,
				438C261D26B97D740056E6B0 /* Resources */,
				0FD6057DA1DEED0B5A47146B /* [CP] Embed Pods Frameworks */,
			);
			buildRules = (
			);
			dependencies = (
			);
			name = ShoesMarket;
			productName = ShoesMarket;
			productReference = 438C261F26B97D740056E6B0 /* ShoesMarket.app */;
			productType = "com.apple.product-type.application";
		};
/* End PBXNativeTarget section */

/* Begin PBXProject section */
		438C261726B97D740056E6B0 /* Project object */ = {
			isa = PBXProject;
			attributes = {
				LastSwiftUpdateCheck = 1250;
				LastUpgradeCheck = 1250;
				TargetAttributes = {
					438C261E26B97D740056E6B0 = {
						CreatedOnToolsVersion = 12.5.1;
					};
				};
			};
			buildConfigurationList = 438C261A26B97D740056E6B0 /* Build configuration list for PBXProject "ShoesMarket" */;
			compatibilityVersion = "Xcode 9.3";
			developmentRegion = en;
			hasScannedForEncodings = 0;
			knownRegions = (
				en,
				Base,
			);
			mainGroup = 438C261626B97D740056E6B0;
			productRefGroup = 438C262026B97D740056E6B0 /* Products */;
			projectDirPath = "";
			projectRoot = "";
			targets = (
				438C261E26B97D740056E6B0 /* ShoesMarket */,
			);
		};
/* End PBXProject section */

/* Begin PBXResourcesBuildPhase section */
		438C261D26B97D740056E6B0 /* Resources */ = {
			isa = PBXResourcesBuildPhase;
			buildActionMask = 2147483647;
			files = (
				438C262A26B97D780056E6B0 /* Preview Assets.xcassets in Resources */,
				438C262726B97D780056E6B0 /* Assets.xcassets in Resources */,
				438DF16626BD6AF30020AA2F /* GoogleService-Info.plist in Resources */,
				43FA63A726BECECB00EB2018 /* category.json in Resources */,
				43FA63A526BECECB00EB2018 /* cards.json in Resources */,
				43FA63A626BECECB00EB2018 /* product.json in Resources */,
			);
			runOnlyForDeploymentPostprocessing = 0;
		};
/* End PBXResourcesBuildPhase section */

/* Begin PBXShellScriptBuildPhase section */
		0FD6057DA1DEED0B5A47146B /* [CP] Embed Pods Frameworks */ = {
			isa = PBXShellScriptBuildPhase;
			buildActionMask = 2147483647;
			files = (
			);
			inputFileListPaths = (
				"${PODS_ROOT}/Target Support Files/Pods-ShoesMarket/Pods-ShoesMarket-frameworks-${CONFIGURATION}-input-files.xcfilelist",
			);
			name = "[CP] Embed Pods Frameworks";
			outputFileListPaths = (
				"${PODS_ROOT}/Target Support Files/Pods-ShoesMarket/Pods-ShoesMarket-frameworks-${CONFIGURATION}-output-files.xcfilelist",
			);
			runOnlyForDeploymentPostprocessing = 0;
			shellPath = /bin/sh;
			shellScript = "\"${PODS_ROOT}/Target Support Files/Pods-ShoesMarket/Pods-ShoesMarket-frameworks.sh\"\n";
			showEnvVarsInLog = 0;
		};
		56BE020AAA50EBA67515C563 /* [CP] Check Pods Manifest.lock */ = {
			isa = PBXShellScriptBuildPhase;
			buildActionMask = 2147483647;
			files = (
			);
			inputFileListPaths = (
			);
			inputPaths = (
				"${PODS_PODFILE_DIR_PATH}/Podfile.lock",
				"${PODS_ROOT}/Manifest.lock",
			);
			name = "[CP] Check Pods Manifest.lock";
			outputFileListPaths = (
			);
			outputPaths = (
				"$(DERIVED_FILE_DIR)/Pods-ShoesMarket-checkManifestLockResult.txt",
			);
			runOnlyForDeploymentPostprocessing = 0;
			shellPath = /bin/sh;
			shellScript = "diff \"${PODS_PODFILE_DIR_PATH}/Podfile.lock\" \"${PODS_ROOT}/Manifest.lock\" > /dev/null\nif [ $? != 0 ] ; then\n    # print error to STDERR\n    echo \"error: The sandbox is not in sync with the Podfile.lock. Run 'pod install' or update your CocoaPods installation.\" >&2\n    exit 1\nfi\n# This output is used by Xcode 'outputs' to avoid re-running this script phase.\necho \"SUCCESS\" > \"${SCRIPT_OUTPUT_FILE_0}\"\n";
			showEnvVarsInLog = 0;
		};
/* End PBXShellScriptBuildPhase section */

/* Begin PBXSourcesBuildPhase section */
		438C261B26B97D740056E6B0 /* Sources */ = {
			isa = PBXSourcesBuildPhase;
			buildActionMask = 2147483647;
			files = (
				43CCA5D126D3C9E100449CC5 /* ShopViewModel.swift in Sources */,
				435332C326BBFC8700FC507C /* Verification.swift in Sources */,
				4347495126BAF495004BE778 /* LoginViewModel.swift in Sources */,
				4347494F26BAEACD004BE778 /* Login.swift in Sources */,
				438C262526B97D740056E6B0 /* ContentView.swift in Sources */,
				4353901F26D4F0DE00DC5A7C /* CustomCorners.swift in Sources */,
				43254AEA26D2DB5A00589B63 /* ProductModel.swift in Sources */,
				439B132B26C94814007FDD92 /* CategoryModel.swift in Sources */,
				43FA63A126BECEAA00EB2018 /* CodableBundleExtension.swift in Sources */,
				439B132926C947E7007FDD92 /* CategoryItemView.swift in Sources */,
				43B4C06326BD7F0900E82D5C /* Home.swift in Sources */,
				431FFB2526C7AEE0001E3709 /* CardModel.swift in Sources */,
				43D687F126D402CA00DF45BF /* ProductDetailView.swift in Sources */,
				435EA34026CE4993009E7A2B /* ManView.swift in Sources */,
				4347495426BAF747004BE778 /* Countries.swift in Sources */,
				43C65CE326DC2F7600B347FC /* SearchView.swift in Sources */,
				43254AE826D2DAB900589B63 /* TitleView.swift in Sources */,
				43B4C06126BD6E2500E82D5C /* AlertView.swift in Sources */,
				43FA63A926BECEED00EB2018 /* Constant.swift in Sources */,
				43FA63AB26BED3E300EB2018 /* FooterView.swift in Sources */,
				4388590C26C00F180061924D /* LogoView.swift in Sources */,
				431FFB2726C7AF22001E3709 /* FeaturedItemView.swift in Sources */,
				43254AEC26D2DB7D00589B63 /* ProductItemView.swift in Sources */,
				439B132D26C95843007FDD92 /* CategoryGridView.swift in Sources */,
				431FFB2926C7AF95001E3709 /* FeaturedTabView.swift in Sources */,
				438C262326B97D740056E6B0 /* ShoesMarketApp.swift in Sources */,
				4388590E26C00FA00061924D /* NavigationBarView.swift in Sources */,
				43DDDC2E26C139FD00F0F388 /* CartView.swift in Sources */,
				B4FCD13D26C96A3D00BE81C4 /* StateModel.swift in Sources */,
				435332C526BC058400FC507C /* CustomNumberPad.swift in Sources */,
				435EA33E26CE498C009E7A2B /* WomanView.swift in Sources */,
			);
			runOnlyForDeploymentPostprocessing = 0;
		};
/* End PBXSourcesBuildPhase section */

/* Begin XCBuildConfiguration section */
		438C262C26B97D780056E6B0 /* Debug */ = {
			isa = XCBuildConfiguration;
			buildSettings = {
				ALWAYS_SEARCH_USER_PATHS = NO;
				CLANG_ANALYZER_NONNULL = YES;
				CLANG_ANALYZER_NUMBER_OBJECT_CONVERSION = YES_AGGRESSIVE;
				CLANG_CXX_LANGUAGE_STANDARD = "gnu++14";
				CLANG_CXX_LIBRARY = "libc++";
				CLANG_ENABLE_MODULES = YES;
				CLANG_ENABLE_OBJC_ARC = YES;
				CLANG_ENABLE_OBJC_WEAK = YES;
				CLANG_WARN_BLOCK_CAPTURE_AUTORELEASING = YES;
				CLANG_WARN_BOOL_CONVERSION = YES;
				CLANG_WARN_COMMA = YES;
				CLANG_WARN_CONSTANT_CONVERSION = YES;
				CLANG_WARN_DEPRECATED_OBJC_IMPLEMENTATIONS = YES;
				CLANG_WARN_DIRECT_OBJC_ISA_USAGE = YES_ERROR;
				CLANG_WARN_DOCUMENTATION_COMMENTS = YES;
				CLANG_WARN_EMPTY_BODY = YES;
				CLANG_WARN_ENUM_CONVERSION = YES;
				CLANG_WARN_INFINITE_RECURSION = YES;
				CLANG_WARN_INT_CONVERSION = YES;
				CLANG_WARN_NON_LITERAL_NULL_CONVERSION = YES;
				CLANG_WARN_OBJC_IMPLICIT_RETAIN_SELF = YES;
				CLANG_WARN_OBJC_LITERAL_CONVERSION = YES;
				CLANG_WARN_OBJC_ROOT_CLASS = YES_ERROR;
				CLANG_WARN_QUOTED_INCLUDE_IN_FRAMEWORK_HEADER = YES;
				CLANG_WARN_RANGE_LOOP_ANALYSIS = YES;
				CLANG_WARN_STRICT_PROTOTYPES = YES;
				CLANG_WARN_SUSPICIOUS_MOVE = YES;
				CLANG_WARN_UNGUARDED_AVAILABILITY = YES_AGGRESSIVE;
				CLANG_WARN_UNREACHABLE_CODE = YES;
				CLANG_WARN__DUPLICATE_METHOD_MATCH = YES;
				COPY_PHASE_STRIP = NO;
				DEBUG_INFORMATION_FORMAT = dwarf;
				ENABLE_STRICT_OBJC_MSGSEND = YES;
				ENABLE_TESTABILITY = YES;
				GCC_C_LANGUAGE_STANDARD = gnu11;
				GCC_DYNAMIC_NO_PIC = NO;
				GCC_NO_COMMON_BLOCKS = YES;
				GCC_OPTIMIZATION_LEVEL = 0;
				GCC_PREPROCESSOR_DEFINITIONS = (
					"DEBUG=1",
					"$(inherited)",
				);
				GCC_WARN_64_TO_32_BIT_CONVERSION = YES;
				GCC_WARN_ABOUT_RETURN_TYPE = YES_ERROR;
				GCC_WARN_UNDECLARED_SELECTOR = YES;
				GCC_WARN_UNINITIALIZED_AUTOS = YES_AGGRESSIVE;
				GCC_WARN_UNUSED_FUNCTION = YES;
				GCC_WARN_UNUSED_VARIABLE = YES;
				IPHONEOS_DEPLOYMENT_TARGET = 14.5;
				MTL_ENABLE_DEBUG_INFO = INCLUDE_SOURCE;
				MTL_FAST_MATH = YES;
				ONLY_ACTIVE_ARCH = YES;
				SDKROOT = iphoneos;
				SWIFT_ACTIVE_COMPILATION_CONDITIONS = DEBUG;
				SWIFT_OPTIMIZATION_LEVEL = "-Onone";
			};
			name = Debug;
		};
		438C262D26B97D780056E6B0 /* Release */ = {
			isa = XCBuildConfiguration;
			buildSettings = {
				ALWAYS_SEARCH_USER_PATHS = NO;
				CLANG_ANALYZER_NONNULL = YES;
				CLANG_ANALYZER_NUMBER_OBJECT_CONVERSION = YES_AGGRESSIVE;
				CLANG_CXX_LANGUAGE_STANDARD = "gnu++14";
				CLANG_CXX_LIBRARY = "libc++";
				CLANG_ENABLE_MODULES = YES;
				CLANG_ENABLE_OBJC_ARC = YES;
				CLANG_ENABLE_OBJC_WEAK = YES;
				CLANG_WARN_BLOCK_CAPTURE_AUTORELEASING = YES;
				CLANG_WARN_BOOL_CONVERSION = YES;
				CLANG_WARN_COMMA = YES;
				CLANG_WARN_CONSTANT_CONVERSION = YES;
				CLANG_WARN_DEPRECATED_OBJC_IMPLEMENTATIONS = YES;
				CLANG_WARN_DIRECT_OBJC_ISA_USAGE = YES_ERROR;
				CLANG_WARN_DOCUMENTATION_COMMENTS = YES;
				CLANG_WARN_EMPTY_BODY = YES;
				CLANG_WARN_ENUM_CONVERSION = YES;
				CLANG_WARN_INFINITE_RECURSION = YES;
				CLANG_WARN_INT_CONVERSION = YES;
				CLANG_WARN_NON_LITERAL_NULL_CONVERSION = YES;
				CLANG_WARN_OBJC_IMPLICIT_RETAIN_SELF = YES;
				CLANG_WARN_OBJC_LITERAL_CONVERSION = YES;
				CLANG_WARN_OBJC_ROOT_CLASS = YES_ERROR;
				CLANG_WARN_QUOTED_INCLUDE_IN_FRAMEWORK_HEADER = YES;
				CLANG_WARN_RANGE_LOOP_ANALYSIS = YES;
				CLANG_WARN_STRICT_PROTOTYPES = YES;
				CLANG_WARN_SUSPICIOUS_MOVE = YES;
				CLANG_WARN_UNGUARDED_AVAILABILITY = YES_AGGRESSIVE;
				CLANG_WARN_UNREACHABLE_CODE = YES;
				CLANG_WARN__DUPLICATE_METHOD_MATCH = YES;
				COPY_PHASE_STRIP = NO;
				DEBUG_INFORMATION_FORMAT = "dwarf-with-dsym";
				ENABLE_NS_ASSERTIONS = NO;
				ENABLE_STRICT_OBJC_MSGSEND = YES;
				GCC_C_LANGUAGE_STANDARD = gnu11;
				GCC_NO_COMMON_BLOCKS = YES;
				GCC_WARN_64_TO_32_BIT_CONVERSION = YES;
				GCC_WARN_ABOUT_RETURN_TYPE = YES_ERROR;
				GCC_WARN_UNDECLARED_SELECTOR = YES;
				GCC_WARN_UNINITIALIZED_AUTOS = YES_AGGRESSIVE;
				GCC_WARN_UNUSED_FUNCTION = YES;
				GCC_WARN_UNUSED_VARIABLE = YES;
				IPHONEOS_DEPLOYMENT_TARGET = 14.5;
				MTL_ENABLE_DEBUG_INFO = NO;
				MTL_FAST_MATH = YES;
				SDKROOT = iphoneos;
				SWIFT_COMPILATION_MODE = wholemodule;
				SWIFT_OPTIMIZATION_LEVEL = "-O";
				VALIDATE_PRODUCT = YES;
			};
			name = Release;
		};
		438C262F26B97D780056E6B0 /* Debug */ = {
			isa = XCBuildConfiguration;
			baseConfigurationReference = 79B2237F8848DDF97E7135E4 /* Pods-ShoesMarket.debug.xcconfig */;
			buildSettings = {
				ASSETCATALOG_COMPILER_APPICON_NAME = AppIcon;
				ASSETCATALOG_COMPILER_GLOBAL_ACCENT_COLOR_NAME = AccentColor;
				CODE_SIGN_STYLE = Automatic;
				DEVELOPMENT_ASSET_PATHS = "\"ShoesMarket/Preview Content\"";
				DEVELOPMENT_TEAM = YN96J64GT3;
				ENABLE_PREVIEWS = YES;
				INFOPLIST_FILE = ShoesMarket/Info.plist;
				IPHONEOS_DEPLOYMENT_TARGET = 14.0;
				LD_RUNPATH_SEARCH_PATHS = (
					"$(inherited)",
					"@executable_path/Frameworks",
				);
				PRODUCT_BUNDLE_IDENTIFIER = com.dariafediashova.ShoesMarket;
				PRODUCT_NAME = "$(TARGET_NAME)";
				SWIFT_VERSION = 5.0;
				TARGETED_DEVICE_FAMILY = 1;
			};
			name = Debug;
		};
		438C263026B97D780056E6B0 /* Release */ = {
			isa = XCBuildConfiguration;
			baseConfigurationReference = 053D93E2E257EE3F2EFB8105 /* Pods-ShoesMarket.release.xcconfig */;
			buildSettings = {
				ASSETCATALOG_COMPILER_APPICON_NAME = AppIcon;
				ASSETCATALOG_COMPILER_GLOBAL_ACCENT_COLOR_NAME = AccentColor;
				CODE_SIGN_STYLE = Automatic;
				DEVELOPMENT_ASSET_PATHS = "\"ShoesMarket/Preview Content\"";
				DEVELOPMENT_TEAM = YN96J64GT3;
				ENABLE_PREVIEWS = YES;
				INFOPLIST_FILE = ShoesMarket/Info.plist;
				IPHONEOS_DEPLOYMENT_TARGET = 14.0;
				LD_RUNPATH_SEARCH_PATHS = (
					"$(inherited)",
					"@executable_path/Frameworks",
				);
				PRODUCT_BUNDLE_IDENTIFIER = com.dariafediashova.ShoesMarket;
				PRODUCT_NAME = "$(TARGET_NAME)";
				SWIFT_VERSION = 5.0;
				TARGETED_DEVICE_FAMILY = 1;
			};
			name = Release;
		};
/* End XCBuildConfiguration section */

/* Begin XCConfigurationList section */
		438C261A26B97D740056E6B0 /* Build configuration list for PBXProject "ShoesMarket" */ = {
			isa = XCConfigurationList;
			buildConfigurations = (
				438C262C26B97D780056E6B0 /* Debug */,
				438C262D26B97D780056E6B0 /* Release */,
			);
			defaultConfigurationIsVisible = 0;
			defaultConfigurationName = Release;
		};
		438C262E26B97D780056E6B0 /* Build configuration list for PBXNativeTarget "ShoesMarket" */ = {
			isa = XCConfigurationList;
			buildConfigurations = (
				438C262F26B97D780056E6B0 /* Debug */,
				438C263026B97D780056E6B0 /* Release */,
			);
			defaultConfigurationIsVisible = 0;
			defaultConfigurationName = Release;
		};
/* End XCConfigurationList section */
	};
	rootObject = 438C261726B97D740056E6B0 /* Project object */;
}
